
Microsoft Visual Studio Solution File, Format Version 12.00
# Visual Studio Version 17
VisualStudioVersion = 17.5.33516.290
MinimumVisualStudioVersion = 10.0.40219.1
Project("{FAE04EC0-301F-11D3-BF4B-00C04F79EFBC}") = "VarmDrinkStation", "VarmDrinkStation\VarmDrinkStation.csproj", "{7261C24A-D940-45BD-89DE-40B861D09EDD}"
EndProject
Global
	GlobalSection(SolutionConfigurationPlatforms) = preSolution
		Debug|Any CPU = Debug|Any CPU
		Release|Any CPU = Release|Any CPU
	EndGlobalSection
	GlobalSection(ProjectConfigurationPlatforms) = postSolution
		{7261C24A-D940-45BD-89DE-40B861D09EDD}.Debug|Any CPU.ActiveCfg = Debug|Any CPU
		{7261C24A-D940-45BD-89DE-40B861D09EDD}.Debug|Any CPU.Build.0 = Debug|Any CPU
		{7261C24A-D940-45BD-89DE-40B861D09EDD}.Release|Any CPU.ActiveCfg = Release|Any CPU
		{7261C24A-D940-45BD-89DE-40B861D09EDD}.Release|Any CPU.Build.0 = Release|Any CPU
	EndGlobalSection
	GlobalSection(SolutionProperties) = preSolution
		HideSolutionNode = FALSE
	EndGlobalSection
	GlobalSection(ExtensibilityGlobals) = postSolution
		SolutionGuid = {75D5FF25-454F-4095-8C75-CE0C878509ED}
	EndGlobalSection
EndGlobal
